
Microsoft Visual Studio Solution File, Format Version 12.00
# Visual Studio Version 17
VisualStudioVersion = 17.0.32126.317
MinimumVisualStudioVersion = 10.0.40219.1
Project("{FAE04EC0-301F-11D3-BF4B-00C04F79EFBC}") = "Matriz ex2", "Matriz ex2\Matriz ex2.csproj", "{09B15D59-7B51-429B-851F-8D07ECC2495B}"
EndProject
Global
	GlobalSection(SolutionConfigurationPlatforms) = preSolution
		Debug|Any CPU = Debug|Any CPU
		Release|Any CPU = Release|Any CPU
	EndGlobalSection
	GlobalSection(ProjectConfigurationPlatforms) = postSolution
		{09B15D59-7B51-429B-851F-8D07ECC2495B}.Debug|Any CPU.ActiveCfg = Debug|Any CPU
		{09B15D59-7B51-429B-851F-8D07ECC2495B}.Debug|Any CPU.Build.0 = Debug|Any CPU
		{09B15D59-7B51-429B-851F-8D07ECC2495B}.Release|Any CPU.ActiveCfg = Release|Any CPU
		{09B15D59-7B51-429B-851F-8D07ECC2495B}.Release|Any CPU.Build.0 = Release|Any CPU
	EndGlobalSection
	GlobalSection(SolutionProperties) = preSolution
		HideSolutionNode = FALSE
	EndGlobalSection
	GlobalSection(ExtensibilityGlobals) = postSolution
		SolutionGuid = {99CAEF09-25F6-4ADF-AA9E-23ACF28ADE6D}
	EndGlobalSection
EndGlobal
